#MicroXplorer Configuration settings - do not modify
ADC1.Channel-0\#ChannelRegularConversion=ADC_CHANNEL_0
ADC1.ContinuousConvMode=DISABLE
ADC1.DMAContinuousRequests=ENABLE
ADC1.EnableAnalogWatchDog=true
ADC1.ExternalTrigConv=ADC_EXTERNALTRIGCONV_T5_CC1
ADC1.ExternalTrigConvEdge=ADC_EXTERNALTRIGCONVEDGE_RISINGFALLING
ADC1.HighThreshold=2250
ADC1.IPParameters=Rank-0\#ChannelRegularConversion,master,Channel-0\#ChannelRegularConversion,SamplingTime-0\#ChannelRegularConversion,NbrOfConversionFlag,DMAContinuousRequests,EnableAnalogWatchDog,InjNumberOfConversion,ExternalTrigConv,NbrOfConversion,ExternalTrigConvEdge,ContinuousConvMode,HighThreshold,ITMode,LowThreshold
ADC1.ITMode=DISABLE
ADC1.InjNumberOfConversion=0
ADC1.LowThreshold=600
ADC1.NbrOfConversion=1
ADC1.NbrOfConversionFlag=1
ADC1.Rank-0\#ChannelRegularConversion=1
ADC1.SamplingTime-0\#ChannelRegularConversion=ADC_SAMPLETIME_28CYCLES
ADC1.master=1
Dma.ADC1.0.Direction=DMA_PERIPH_TO_MEMORY
Dma.ADC1.0.FIFOMode=DMA_FIFOMODE_ENABLE
Dma.ADC1.0.FIFOThreshold=DMA_FIFO_THRESHOLD_FULL
Dma.ADC1.0.Instance=DMA2_Stream0
Dma.ADC1.0.MemBurst=DMA_MBURST_INC8
Dma.ADC1.0.MemDataAlignment=DMA_MDATAALIGN_HALFWORD
Dma.ADC1.0.MemInc=DMA_MINC_ENABLE
Dma.ADC1.0.Mode=DMA_CIRCULAR
Dma.ADC1.0.PeriphBurst=DMA_PBURST_SINGLE
Dma.ADC1.0.PeriphDataAlignment=DMA_PDATAALIGN_HALFWORD
Dma.ADC1.0.PeriphInc=DMA_PINC_DISABLE
Dma.ADC1.0.Priority=DMA_PRIORITY_VERY_HIGH
Dma.ADC1.0.RequestParameters=Instance,Direction,PeriphInc,MemInc,PeriphDataAlignment,MemDataAlignment,Mode,Priority,FIFOMode,FIFOThreshold,MemBurst,PeriphBurst
Dma.Request0=ADC1
Dma.RequestsNb=1
FREERTOS.FootprintOK=true
FREERTOS.INCLUDE_eTaskGetState=1
FREERTOS.INCLUDE_uxTaskGetStackHighWaterMark=1
FREERTOS.INCLUDE_uxTaskPriorityGet=1
FREERTOS.INCLUDE_vTaskCleanUpResources=1
FREERTOS.INCLUDE_vTaskDelete=0
FREERTOS.INCLUDE_vTaskPrioritySet=1
FREERTOS.INCLUDE_xTaskGetCurrentTaskHandle=1
FREERTOS.IPParameters=Tasks01,configCHECK_FOR_STACK_OVERFLOW,INCLUDE_uxTaskPriorityGet,INCLUDE_vTaskDelete,INCLUDE_vTaskPrioritySet,MEMORY_ALLOCATION,configMINIMAL_STACK_SIZE,configMAX_PRIORITIES,Queues01,configGENERATE_RUN_TIME_STATS,configUSE_TRACE_FACILITY,configUSE_STATS_FORMATTING_FUNCTIONS,INCLUDE_uxTaskGetStackHighWaterMark,configTOTAL_HEAP_SIZE,configENABLE_BACKWARD_COMPATIBILITY,configUSE_MUTEXES,configUSE_TICKLESS_IDLE,INCLUDE_xTaskGetCurrentTaskHandle,configIDLE_SHOULD_YIELD,FootprintOK,INCLUDE_vTaskCleanUpResources,INCLUDE_eTaskGetState
FREERTOS.MEMORY_ALLOCATION=2
FREERTOS.Queues01=Queue_F0,4,float,0,Static,Queue_F0Buffer,Queue_F0ControlBlock
FREERTOS.Tasks01=osTask_Debug,-3,256,StartTask_Debug,Default,NULL,Dynamic,NULL,NULL;osTask_AudioP1,1,256,StartTask_AudioPreProcessing,Default,NULL,Dynamic,NULL,NULL;osTask_AudioP2,2,256,StartTask_AudioProcessing,Default,NULL,Dynamic,NULL,NULL;osTask_Moter,2,320,StartTask_Moter,Default,NULL,Dynamic,NULL,NULL;osTask_UI,0,128,StartTask_UI,Default,NULL,Dynamic,NULL,NULL;osTask_GUI,-2,256,StartTask_GUI,Default,NULL,Dynamic,NULL,NULL;osTask_Core,-1,128,StartTask_Core,Default,NULL,Dynamic,NULL,NULL
FREERTOS.configCHECK_FOR_STACK_OVERFLOW=2
FREERTOS.configENABLE_BACKWARD_COMPATIBILITY=0
FREERTOS.configGENERATE_RUN_TIME_STATS=1
FREERTOS.configIDLE_SHOULD_YIELD=0
FREERTOS.configMAX_PRIORITIES=6
FREERTOS.configMINIMAL_STACK_SIZE=128
FREERTOS.configTOTAL_HEAP_SIZE=16384
FREERTOS.configUSE_MUTEXES=1
FREERTOS.configUSE_STATS_FORMATTING_FUNCTIONS=1
FREERTOS.configUSE_TICKLESS_IDLE=0
FREERTOS.configUSE_TRACE_FACILITY=1
File.Version=6
GPIO.groupedBy=Group By Peripherals
KeepUserPlacement=true
Mcu.Family=STM32F4
Mcu.IP0=ADC1
Mcu.IP1=DMA
Mcu.IP2=FREERTOS
Mcu.IP3=NVIC
Mcu.IP4=RCC
Mcu.IP5=SYS
Mcu.IP6=TIM5
Mcu.IP7=TIM11
Mcu.IP8=USART2
Mcu.IPNb=9
Mcu.Name=STM32F410R(8-B)Tx
Mcu.Package=LQFP64
Mcu.Pin0=PC13-ANTI_TAMP
Mcu.Pin1=PC14-OSC32_IN
Mcu.Pin10=PB15
Mcu.Pin11=PC6
Mcu.Pin12=PC7
Mcu.Pin13=PC8
Mcu.Pin14=PC9
Mcu.Pin15=PA8
Mcu.Pin16=PA9
Mcu.Pin17=PA13
Mcu.Pin18=PA14
Mcu.Pin19=PB3
Mcu.Pin2=PC15-OSC32_OUT
Mcu.Pin20=VP_FREERTOS_VS_CMSIS_V1
Mcu.Pin21=VP_SYS_VS_tim6
Mcu.Pin22=VP_TIM5_VS_ClockSourceINT
Mcu.Pin23=VP_TIM5_VS_no_output1
Mcu.Pin24=VP_TIM11_VS_ClockSourceINT
Mcu.Pin3=PH0 - OSC_IN
Mcu.Pin4=PH1 - OSC_OUT
Mcu.Pin5=PA0-WKUP
Mcu.Pin6=PA2
Mcu.Pin7=PA3
Mcu.Pin8=PA5
Mcu.Pin9=PB14
Mcu.PinsNb=25
Mcu.ThirdPartyNb=0
Mcu.UserConstants=
Mcu.UserName=STM32F410RBTx
MxCube.Version=5.6.1
MxDb.Version=DB.5.0.60
NVIC.BusFault_IRQn=true\:0\:0\:false\:false\:true\:false\:true\:false
NVIC.DMA2_Stream0_IRQn=true\:5\:0\:true\:false\:true\:true\:false\:true
NVIC.DebugMonitor_IRQn=true\:0\:0\:false\:false\:true\:false\:true\:false
NVIC.ForceEnableDMAVector=true
NVIC.HardFault_IRQn=true\:0\:0\:false\:false\:true\:false\:true\:false
NVIC.MemoryManagement_IRQn=true\:0\:0\:false\:false\:true\:false\:true\:false
NVIC.NonMaskableInt_IRQn=true\:0\:0\:false\:false\:true\:false\:true\:false
NVIC.PendSV_IRQn=true\:15\:0\:false\:false\:false\:true\:false\:false
NVIC.PriorityGroup=NVIC_PRIORITYGROUP_4
NVIC.SVCall_IRQn=true\:0\:0\:false\:false\:false\:false\:false\:false
NVIC.SysTick_IRQn=true\:15\:0\:true\:false\:false\:true\:true\:false
NVIC.TIM1_TRG_COM_TIM11_IRQn=true\:4\:0\:true\:false\:true\:false\:true\:true
NVIC.TIM6_DAC_IRQn=true\:0\:0\:false\:false\:true\:false\:false\:true
NVIC.TimeBase=TIM6_DAC_IRQn
NVIC.TimeBaseIP=TIM6
NVIC.USART2_IRQn=true\:15\:0\:true\:false\:true\:true\:true\:true
NVIC.UsageFault_IRQn=true\:0\:0\:false\:false\:true\:false\:true\:false
PA0-WKUP.Signal=ADCx_IN0
PA13.GPIOParameters=GPIO_Label
PA13.GPIO_Label=TMS
PA13.Locked=true
PA13.Mode=Trace_Asynchronous_SW
PA13.Signal=SYS_JTMS-SWDIO
PA14.GPIOParameters=GPIO_Label
PA14.GPIO_Label=TCK
PA14.Locked=true
PA14.Mode=Trace_Asynchronous_SW
PA14.Signal=SYS_JTCK-SWCLK
PA2.GPIOParameters=GPIO_Label
PA2.GPIO_Label=USART_TX
PA2.Locked=true
PA2.Mode=Asynchronous
PA2.Signal=USART2_TX
PA3.GPIOParameters=GPIO_Label
PA3.GPIO_Label=USART_RX
PA3.Locked=true
PA3.Mode=Asynchronous
PA3.Signal=USART2_RX
PA5.GPIOParameters=GPIO_Label
PA5.GPIO_Label=LD2 [Green Led]
PA5.Locked=true
PA5.Signal=GPIO_Output
PA8.GPIOParameters=GPIO_Label
PA8.GPIO_Label=BSP_UI_B4
PA8.Locked=true
PA8.Signal=GPIO_Input
PA9.GPIOParameters=GPIO_PuPd,GPIO_Label
PA9.GPIO_Label=LD4
PA9.GPIO_PuPd=GPIO_PULLDOWN
PA9.Locked=true
PA9.Signal=GPIO_Output
PB14.GPIOParameters=GPIO_Label
PB14.GPIO_Label=BSP_UI_B1
PB14.Locked=true
PB14.Signal=GPIO_Input
PB15.GPIOParameters=GPIO_PuPd,GPIO_Label
PB15.GPIO_Label=LD1
PB15.GPIO_PuPd=GPIO_PULLDOWN
PB15.Locked=true
PB15.Signal=GPIO_Output
PB3.GPIOParameters=GPIO_Label
PB3.GPIO_Label=SWO
PB3.Locked=true
PB3.Mode=Trace_Asynchronous_SW
PB3.Signal=SYS_JTDO-SWO
PC13-ANTI_TAMP.GPIOParameters=GPIO_Label,GPIO_ModeDefaultEXTI
PC13-ANTI_TAMP.GPIO_Label=B1 [Blue PushButton]
PC13-ANTI_TAMP.GPIO_ModeDefaultEXTI=GPIO_MODE_IT_FALLING
PC13-ANTI_TAMP.Locked=true
PC13-ANTI_TAMP.Signal=GPXTI13
PC14-OSC32_IN.Locked=true
PC14-OSC32_IN.Signal=RCC_OSC32_IN
PC15-OSC32_OUT.Locked=true
PC15-OSC32_OUT.Signal=RCC_OSC32_OUT
PC6.GPIOParameters=GPIO_Label
PC6.GPIO_Label=BSP_UI_B2
PC6.Locked=true
PC6.Signal=GPIO_Input
PC7.GPIOParameters=GPIO_PuPd,GPIO_Label
PC7.GPIO_Label=LD2
PC7.GPIO_PuPd=GPIO_PULLDOWN
PC7.Locked=true
PC7.Signal=GPIO_Output
PC8.GPIOParameters=GPIO_Label
PC8.GPIO_Label=BSP_UI_B3
PC8.Locked=true
PC8.Signal=GPIO_Input
PC9.GPIOParameters=GPIO_PuPd,GPIO_Label
PC9.GPIO_Label=LD3
PC9.GPIO_PuPd=GPIO_PULLDOWN
PC9.Locked=true
PC9.Signal=GPIO_Output
PH0\ -\ OSC_IN.Locked=true
PH0\ -\ OSC_IN.Mode=HSE-External-Clock-Source
PH0\ -\ OSC_IN.Signal=RCC_OSC_IN
PH1\ -\ OSC_OUT.Locked=true
PH1\ -\ OSC_OUT.Mode=HSE-External-Clock-Source
PH1\ -\ OSC_OUT.Signal=RCC_OSC_OUT
PinOutPanel.RotationAngle=0
ProjectManager.AskForMigrate=true
ProjectManager.BackupPrevious=false
ProjectManager.CompilerOptimize=6
ProjectManager.ComputerToolchain=false
ProjectManager.CoupleFile=true
ProjectManager.CustomerFirmwarePackage=
ProjectManager.DefaultFWLocation=true
ProjectManager.DeletePrevious=true
ProjectManager.DeviceId=STM32F410RBTx
ProjectManager.FirmwarePackage=STM32Cube FW_F4 V1.25.0
ProjectManager.FreePins=true
ProjectManager.HalAssertFull=true
ProjectManager.HeapSize=0x200
ProjectManager.KeepUserCode=true
ProjectManager.LastFirmware=true
ProjectManager.LibraryCopy=1
ProjectManager.MainLocation=Core/Src
ProjectManager.NoMain=false
ProjectManager.PreviousToolchain=
ProjectManager.ProjectBuild=false
ProjectManager.ProjectFileName=YIN_Test.ioc
ProjectManager.ProjectName=YIN_Test
ProjectManager.StackSize=0x500
ProjectManager.TargetToolchain=MDK-ARM V5.27
ProjectManager.ToolChainLocation=
ProjectManager.UnderRoot=false
ProjectManager.functionlistsort=1-MX_GPIO_Init-GPIO-false-HAL-true,2-MX_DMA_Init-DMA-false-HAL-true,3-SystemClock_Config-RCC-false-HAL-false,4-MX_ADC1_Init-ADC1-false-HAL-true,5-MX_USART2_UART_Init-USART2-false-HAL-true,6-MX_TIM11_Init-TIM11-false-HAL-true,7-MX_TIM5_Init-TIM5-false-HAL-true
RCC.48MHZClocksFreq_Value=50000000
RCC.AHBFreq_Value=100000000
RCC.APB1CLKDivider=RCC_HCLK_DIV2
RCC.APB1Freq_Value=50000000
RCC.APB1TimFreq_Value=100000000
RCC.APB2Freq_Value=100000000
RCC.APB2TimFreq_Value=100000000
RCC.CortexFreq_Value=100000000
RCC.EthernetFreq_Value=100000000
RCC.FCLKCortexFreq_Value=100000000
RCC.FLatency-AdvancedSettings=FLASH_LATENCY_3
RCC.FMPI2C1Freq_Value=50000000
RCC.FamilyName=M
RCC.HCLKFreq_Value=100000000
RCC.HSE_VALUE=8000000
RCC.HSI_VALUE=16000000
RCC.I2SClocksFreq_Value=100000000
RCC.IPParameters=48MHZClocksFreq_Value,AHBFreq_Value,APB1CLKDivider,APB1Freq_Value,APB1TimFreq_Value,APB2Freq_Value,APB2TimFreq_Value,CortexFreq_Value,EthernetFreq_Value,FCLKCortexFreq_Value,FLatency-AdvancedSettings,FMPI2C1Freq_Value,FamilyName,HCLKFreq_Value,HSE_VALUE,HSI_VALUE,I2SClocksFreq_Value,LPTIM1Freq_Value,LSE_VALUE,LSI_VALUE,MCO2PinFreq_Value,PLLCLKFreq_Value,PLLM,PLLN,PLLSourceVirtual,PWR_Regulator_Voltage_Scale,RTCFreq_Value,RTCHSEDivFreq_Value,SYSCLKFreq_VALUE,SYSCLKSource,VCOI2SOutputFreq_Value,VCOInputFreq_Value,VCOInputMFreq_Value,VCOOutputFreq_Value,VCOQOutputFreq_Value,VCOROutputFreq_Value,VcooutputI2S
RCC.LPTIM1Freq_Value=50000000
RCC.LSE_VALUE=32768
RCC.LSI_VALUE=32000
RCC.MCO2PinFreq_Value=100000000
RCC.PLLCLKFreq_Value=100000000
RCC.PLLM=4
RCC.PLLN=100
RCC.PLLSourceVirtual=RCC_PLLSOURCE_HSE
RCC.PWR_Regulator_Voltage_Scale=PWR_REGULATOR_VOLTAGE_SCALE1
RCC.RTCFreq_Value=32000
RCC.RTCHSEDivFreq_Value=4000000
RCC.SYSCLKFreq_VALUE=100000000
RCC.SYSCLKSource=RCC_SYSCLKSOURCE_PLLCLK
RCC.VCOI2SOutputFreq_Value=192000000
RCC.VCOInputFreq_Value=2000000
RCC.VCOInputMFreq_Value=1000000
RCC.VCOOutputFreq_Value=200000000
RCC.VCOQOutputFreq_Value=50000000
RCC.VCOROutputFreq_Value=100000000
RCC.VcooutputI2S=96000000
SH.ADCx_IN0.0=ADC1_IN0,IN0
SH.ADCx_IN0.ConfNb=1
SH.GPXTI13.0=GPIO_EXTI13
SH.GPXTI13.ConfNb=1
TIM11.AutoReloadPreload=TIM_AUTORELOAD_PRELOAD_ENABLE
TIM11.ClockDivision=TIM_CLOCKDIVISION_DIV1
TIM11.IPParameters=ClockDivision,AutoReloadPreload,Period,Prescaler
TIM11.Period=4999
TIM11.Prescaler=0
TIM5.AutoReloadPreload=TIM_AUTORELOAD_PRELOAD_ENABLE
TIM5.Channel-Output\ Compare1\ No\ Output=TIM_CHANNEL_1
TIM5.ClockDivision=TIM_CLOCKDIVISION_DIV1
TIM5.IPParameters=TIM_MasterOutputTrigger,AutoReloadPreload,ClockDivision,Period,OCMode_1,Channel-Output Compare1 No Output,Pulse-Output Compare1 No Output,TIM_MasterSlaveMode,Prescaler
TIM5.OCMode_1=TIM_OCMODE_TOGGLE
TIM5.Period=2499
TIM5.Prescaler=1
TIM5.Pulse-Output\ Compare1\ No\ Output=1249
TIM5.TIM_MasterOutputTrigger=TIM_TRGO_OC1
TIM5.TIM_MasterSlaveMode=TIM_MASTERSLAVEMODE_DISABLE
USART2.BaudRate=128000
USART2.IPParameters=VirtualMode,BaudRate
USART2.VirtualMode=VM_ASYNC
VP_FREERTOS_VS_CMSIS_V1.Mode=CMSIS_V1
VP_FREERTOS_VS_CMSIS_V1.Signal=FREERTOS_VS_CMSIS_V1
VP_SYS_VS_tim6.Mode=TIM6
VP_SYS_VS_tim6.Signal=SYS_VS_tim6
VP_TIM11_VS_ClockSourceINT.Mode=Enable_Timer
VP_TIM11_VS_ClockSourceINT.Signal=TIM11_VS_ClockSourceINT
VP_TIM5_VS_ClockSourceINT.Mode=Internal
VP_TIM5_VS_ClockSourceINT.Signal=TIM5_VS_ClockSourceINT
VP_TIM5_VS_no_output1.Mode=Output Compare1 No Output
VP_TIM5_VS_no_output1.Signal=TIM5_VS_no_output1
board=NUCLEO-F410RB
boardIOC=true
